
Microsoft Visual Studio Solution File, Format Version 12.00
# Visual Studio Version 17
VisualStudioVersion = 17.1.32319.34
MinimumVisualStudioVersion = 10.0.40219.1
Project("{FAE04EC0-301F-11D3-BF4B-00C04F79EFBC}") = "B1-2022", "B1-2022\B1-2022.csproj", "{060AD424-275A-4AA1-B92E-552704DD6461}"
EndProject
Project("{FAE04EC0-301F-11D3-BF4B-00C04F79EFBC}") = "TestProject1", "TestProject1\TestProject1.csproj", "{42C83076-05CE-428B-A7DE-3DFAAFB98A98}"
EndProject
Global
	GlobalSection(SolutionConfigurationPlatforms) = preSolution
		Debug|Any CPU = Debug|Any CPU
		Release|Any CPU = Release|Any CPU
	EndGlobalSection
	GlobalSection(ProjectConfigurationPlatforms) = postSolution
		{060AD424-275A-4AA1-B92E-552704DD6461}.Debug|Any CPU.ActiveCfg = Debug|Any CPU
		{060AD424-275A-4AA1-B92E-552704DD6461}.Debug|Any CPU.Build.0 = Debug|Any CPU
		{060AD424-275A-4AA1-B92E-552704DD6461}.Release|Any CPU.ActiveCfg = Release|Any CPU
		{060AD424-275A-4AA1-B92E-552704DD6461}.Release|Any CPU.Build.0 = Release|Any CPU
		{42C83076-05CE-428B-A7DE-3DFAAFB98A98}.Debug|Any CPU.ActiveCfg = Debug|Any CPU
		{42C83076-05CE-428B-A7DE-3DFAAFB98A98}.Debug|Any CPU.Build.0 = Debug|Any CPU
		{42C83076-05CE-428B-A7DE-3DFAAFB98A98}.Release|Any CPU.ActiveCfg = Release|Any CPU
		{42C83076-05CE-428B-A7DE-3DFAAFB98A98}.Release|Any CPU.Build.0 = Release|Any CPU
	EndGlobalSection
	GlobalSection(SolutionProperties) = preSolution
		HideSolutionNode = FALSE
	EndGlobalSection
	GlobalSection(ExtensibilityGlobals) = postSolution
		SolutionGuid = {A7EBD566-72DB-46B5-80EE-084EDB488C62}
	EndGlobalSection
EndGlobal
